
Microsoft Visual Studio Solution File, Format Version 12.00
# Visual Studio 15
Project("{FAE04EC0-301F-11D3-BF4B-00C04F79EFBC}") = "Assembly-CSharp-Editor", "Assembly-CSharp-Editor.csproj", "{F67FF348-8A9C-99F2-9281-E026D5A7C63D}"
EndProject
Project("{FAE04EC0-301F-11D3-BF4B-00C04F79EFBC}") = "Assembly-CSharp", "Assembly-CSharp.csproj", "{010A466C-43F2-F1AA-8067-4D9CE5EB3145}"
EndProject
Global
	GlobalSection(SolutionConfigurationPlatforms) = preSolution
		Debug|Any CPU = Debug|Any CPU
		Release|Any CPU = Release|Any CPU
	EndGlobalSection
	GlobalSection(ProjectConfigurationPlatforms) = postSolution
		{F67FF348-8A9C-99F2-9281-E026D5A7C63D}.Debug|Any CPU.ActiveCfg = Debug|Any CPU
		{F67FF348-8A9C-99F2-9281-E026D5A7C63D}.Debug|Any CPU.Build.0 = Debug|Any CPU
		{F67FF348-8A9C-99F2-9281-E026D5A7C63D}.Release|Any CPU.ActiveCfg = Release|Any CPU
		{F67FF348-8A9C-99F2-9281-E026D5A7C63D}.Release|Any CPU.Build.0 = Release|Any CPU
		{010A466C-43F2-F1AA-8067-4D9CE5EB3145}.Debug|Any CPU.ActiveCfg = Debug|Any CPU
		{010A466C-43F2-F1AA-8067-4D9CE5EB3145}.Debug|Any CPU.Build.0 = Debug|Any CPU
		{010A466C-43F2-F1AA-8067-4D9CE5EB3145}.Release|Any CPU.ActiveCfg = Release|Any CPU
		{010A466C-43F2-F1AA-8067-4D9CE5EB3145}.Release|Any CPU.Build.0 = Release|Any CPU
	EndGlobalSection
	GlobalSection(SolutionProperties) = preSolution
		HideSolutionNode = FALSE
	EndGlobalSection
EndGlobal
